
Microsoft Visual Studio Solution File, Format Version 12.00
# Visual Studio Version 17
VisualStudioVersion = 17.3.32804.467
MinimumVisualStudioVersion = 10.0.40219.1
Project("{2150E333-8FDC-42A3-9474-1A3956D46DE8}") = "Application", "Application", "{B041B47B-FE78-41E5-892D-C2B15A7841D1}"
EndProject
Project("{2150E333-8FDC-42A3-9474-1A3956D46DE8}") = "Domain", "Domain", "{5890019E-611F-49D4-88CB-3D16944729B3}"
EndProject
Project("{FAE04EC0-301F-11D3-BF4B-00C04F79EFBC}") = "Bootcamp-News", "Bootcamp-News\Bootcamp-News.csproj", "{CA53BE4D-D5C9-4971-81DF-32B08C14D4ED}"
EndProject
Project("{FAE04EC0-301F-11D3-BF4B-00C04F79EFBC}") = "Bootcamp-Domain", "Bootcamp-Domain\Bootcamp-Domain.csproj", "{1AE44E9B-0956-487D-B3D0-C1CF788C4395}"
EndProject
Global
	GlobalSection(SolutionConfigurationPlatforms) = preSolution
		Debug|Any CPU = Debug|Any CPU
		Release|Any CPU = Release|Any CPU
	EndGlobalSection
	GlobalSection(ProjectConfigurationPlatforms) = postSolution
		{CA53BE4D-D5C9-4971-81DF-32B08C14D4ED}.Debug|Any CPU.ActiveCfg = Debug|Any CPU
		{CA53BE4D-D5C9-4971-81DF-32B08C14D4ED}.Debug|Any CPU.Build.0 = Debug|Any CPU
		{CA53BE4D-D5C9-4971-81DF-32B08C14D4ED}.Release|Any CPU.ActiveCfg = Release|Any CPU
		{CA53BE4D-D5C9-4971-81DF-32B08C14D4ED}.Release|Any CPU.Build.0 = Release|Any CPU
		{1AE44E9B-0956-487D-B3D0-C1CF788C4395}.Debug|Any CPU.ActiveCfg = Debug|Any CPU
		{1AE44E9B-0956-487D-B3D0-C1CF788C4395}.Debug|Any CPU.Build.0 = Debug|Any CPU
		{1AE44E9B-0956-487D-B3D0-C1CF788C4395}.Release|Any CPU.ActiveCfg = Release|Any CPU
		{1AE44E9B-0956-487D-B3D0-C1CF788C4395}.Release|Any CPU.Build.0 = Release|Any CPU
	EndGlobalSection
	GlobalSection(SolutionProperties) = preSolution
		HideSolutionNode = FALSE
	EndGlobalSection
	GlobalSection(NestedProjects) = preSolution
		{CA53BE4D-D5C9-4971-81DF-32B08C14D4ED} = {B041B47B-FE78-41E5-892D-C2B15A7841D1}
		{1AE44E9B-0956-487D-B3D0-C1CF788C4395} = {5890019E-611F-49D4-88CB-3D16944729B3}
	EndGlobalSection
	GlobalSection(ExtensibilityGlobals) = postSolution
		SolutionGuid = {8836A6A1-B782-4F63-9BAC-0E4FE89EB7DF}
	EndGlobalSection
EndGlobal
